
Microsoft Visual Studio Solution File, Format Version 12.00
# Visual Studio Version 17
VisualStudioVersion = 17.1.32328.378
MinimumVisualStudioVersion = 10.0.40219.1
Project("{9A19103F-16F7-4668-BE54-9A1E7A4F7556}") = "WorkFlowRules", "DefaultRules\WorkFlowRules.csproj", "{4F92463C-20D5-4711-9BC8-100F031FA8CF}"
EndProject
Global
	GlobalSection(SolutionConfigurationPlatforms) = preSolution
		Debug|Any CPU = Debug|Any CPU
		Release|Any CPU = Release|Any CPU
	EndGlobalSection
	GlobalSection(ProjectConfigurationPlatforms) = postSolution
		{4F92463C-20D5-4711-9BC8-100F031FA8CF}.Debug|Any CPU.ActiveCfg = Debug|Any CPU
		{4F92463C-20D5-4711-9BC8-100F031FA8CF}.Debug|Any CPU.Build.0 = Debug|Any CPU
		{4F92463C-20D5-4711-9BC8-100F031FA8CF}.Release|Any CPU.ActiveCfg = Release|Any CPU
		{4F92463C-20D5-4711-9BC8-100F031FA8CF}.Release|Any CPU.Build.0 = Release|Any CPU
	EndGlobalSection
	GlobalSection(SolutionProperties) = preSolution
		HideSolutionNode = FALSE
	EndGlobalSection
	GlobalSection(ExtensibilityGlobals) = postSolution
		SolutionGuid = {5CBC392B-3DCD-488B-A78E-6547E382F124}
	EndGlobalSection
EndGlobal
